
Microsoft Visual Studio Solution File, Format Version 12.00
# Visual Studio Version 17
VisualStudioVersion = 17.1.32228.430
MinimumVisualStudioVersion = 10.0.40219.1
Project("{FAE04EC0-301F-11D3-BF4B-00C04F79EFBC}") = "Recipes 2", "Recipes 2\Recipes 2.csproj", "{16C50E65-5B4E-49C4-979F-883BCF1F3FB2}"
EndProject
Global
	GlobalSection(SolutionConfigurationPlatforms) = preSolution
		Debug|Any CPU = Debug|Any CPU
		Release|Any CPU = Release|Any CPU
	EndGlobalSection
	GlobalSection(ProjectConfigurationPlatforms) = postSolution
		{16C50E65-5B4E-49C4-979F-883BCF1F3FB2}.Debug|Any CPU.ActiveCfg = Debug|Any CPU
		{16C50E65-5B4E-49C4-979F-883BCF1F3FB2}.Debug|Any CPU.Build.0 = Debug|Any CPU
		{16C50E65-5B4E-49C4-979F-883BCF1F3FB2}.Release|Any CPU.ActiveCfg = Release|Any CPU
		{16C50E65-5B4E-49C4-979F-883BCF1F3FB2}.Release|Any CPU.Build.0 = Release|Any CPU
	EndGlobalSection
	GlobalSection(SolutionProperties) = preSolution
		HideSolutionNode = FALSE
	EndGlobalSection
	GlobalSection(ExtensibilityGlobals) = postSolution
		SolutionGuid = {3584B710-2BE9-4118-893E-33AD1CF2D85D}
	EndGlobalSection
EndGlobal
